
Microsoft Visual Studio Solution File, Format Version 12.00
# Visual Studio Version 17
VisualStudioVersion = 17.3.32929.385
MinimumVisualStudioVersion = 10.0.40219.1
Project("{FAE04EC0-301F-11D3-BF4B-00C04F79EFBC}") = "CompSaloon", "CompSaloon\CompSaloon.csproj", "{D21679D5-980A-42B0-AC90-0ACE043D7CD9}"
EndProject
Global
	GlobalSection(SolutionConfigurationPlatforms) = preSolution
		Debug|Any CPU = Debug|Any CPU
		Release|Any CPU = Release|Any CPU
	EndGlobalSection
	GlobalSection(ProjectConfigurationPlatforms) = postSolution
		{D21679D5-980A-42B0-AC90-0ACE043D7CD9}.Debug|Any CPU.ActiveCfg = Debug|Any CPU
		{D21679D5-980A-42B0-AC90-0ACE043D7CD9}.Debug|Any CPU.Build.0 = Debug|Any CPU
		{D21679D5-980A-42B0-AC90-0ACE043D7CD9}.Release|Any CPU.ActiveCfg = Release|Any CPU
		{D21679D5-980A-42B0-AC90-0ACE043D7CD9}.Release|Any CPU.Build.0 = Release|Any CPU
	EndGlobalSection
	GlobalSection(SolutionProperties) = preSolution
		HideSolutionNode = FALSE
	EndGlobalSection
	GlobalSection(ExtensibilityGlobals) = postSolution
		SolutionGuid = {A05F5207-A1F3-4B18-A479-B33AF28EDF5A}
	EndGlobalSection
EndGlobal
